
Microsoft Visual Studio Solution File, Format Version 12.00
# Visual Studio Version 17
VisualStudioVersion = 17.4.33213.308
MinimumVisualStudioVersion = 10.0.40219.1
Project("{FAE04EC0-301F-11D3-BF4B-00C04F79EFBC}") = "Exercicio01", "Exercicio01\Exercicio01.csproj", "{7C55998E-688C-4D6E-9C06-838B9721CE5F}"
EndProject
Project("{FAE04EC0-301F-11D3-BF4B-00C04F79EFBC}") = "Exercicio02", "Exercicio02\Exercicio02.csproj", "{436DABB6-FC7A-4F06-B061-F71E62FFAEF9}"
EndProject
Project("{FAE04EC0-301F-11D3-BF4B-00C04F79EFBC}") = "Exercicio03", "Exercicio03\Exercicio03.csproj", "{43E6E117-3B32-4250-BD91-94CB2B5C2915}"
EndProject
Project("{FAE04EC0-301F-11D3-BF4B-00C04F79EFBC}") = "Exercicio05", "Exercicio05\Exercicio05.csproj", "{3D7684B8-B40D-49E4-B8B0-577E43AA897C}"
EndProject
Project("{FAE04EC0-301F-11D3-BF4B-00C04F79EFBC}") = "Exercicio06", "Exercicio06\Exercicio06.csproj", "{21E6FF90-D972-4A26-88C1-3B92F9FD1432}"
EndProject
Global
	GlobalSection(SolutionConfigurationPlatforms) = preSolution
		Debug|Any CPU = Debug|Any CPU
		Release|Any CPU = Release|Any CPU
	EndGlobalSection
	GlobalSection(ProjectConfigurationPlatforms) = postSolution
		{7C55998E-688C-4D6E-9C06-838B9721CE5F}.Debug|Any CPU.ActiveCfg = Debug|Any CPU
		{7C55998E-688C-4D6E-9C06-838B9721CE5F}.Debug|Any CPU.Build.0 = Debug|Any CPU
		{7C55998E-688C-4D6E-9C06-838B9721CE5F}.Release|Any CPU.ActiveCfg = Release|Any CPU
		{7C55998E-688C-4D6E-9C06-838B9721CE5F}.Release|Any CPU.Build.0 = Release|Any CPU
		{436DABB6-FC7A-4F06-B061-F71E62FFAEF9}.Debug|Any CPU.ActiveCfg = Debug|Any CPU
		{436DABB6-FC7A-4F06-B061-F71E62FFAEF9}.Debug|Any CPU.Build.0 = Debug|Any CPU
		{436DABB6-FC7A-4F06-B061-F71E62FFAEF9}.Release|Any CPU.ActiveCfg = Release|Any CPU
		{436DABB6-FC7A-4F06-B061-F71E62FFAEF9}.Release|Any CPU.Build.0 = Release|Any CPU
		{43E6E117-3B32-4250-BD91-94CB2B5C2915}.Debug|Any CPU.ActiveCfg = Debug|Any CPU
		{43E6E117-3B32-4250-BD91-94CB2B5C2915}.Debug|Any CPU.Build.0 = Debug|Any CPU
		{43E6E117-3B32-4250-BD91-94CB2B5C2915}.Release|Any CPU.ActiveCfg = Release|Any CPU
		{43E6E117-3B32-4250-BD91-94CB2B5C2915}.Release|Any CPU.Build.0 = Release|Any CPU
		{3D7684B8-B40D-49E4-B8B0-577E43AA897C}.Debug|Any CPU.ActiveCfg = Debug|Any CPU
		{3D7684B8-B40D-49E4-B8B0-577E43AA897C}.Debug|Any CPU.Build.0 = Debug|Any CPU
		{3D7684B8-B40D-49E4-B8B0-577E43AA897C}.Release|Any CPU.ActiveCfg = Release|Any CPU
		{3D7684B8-B40D-49E4-B8B0-577E43AA897C}.Release|Any CPU.Build.0 = Release|Any CPU
		{21E6FF90-D972-4A26-88C1-3B92F9FD1432}.Debug|Any CPU.ActiveCfg = Debug|Any CPU
		{21E6FF90-D972-4A26-88C1-3B92F9FD1432}.Debug|Any CPU.Build.0 = Debug|Any CPU
		{21E6FF90-D972-4A26-88C1-3B92F9FD1432}.Release|Any CPU.ActiveCfg = Release|Any CPU
		{21E6FF90-D972-4A26-88C1-3B92F9FD1432}.Release|Any CPU.Build.0 = Release|Any CPU
	EndGlobalSection
	GlobalSection(SolutionProperties) = preSolution
		HideSolutionNode = FALSE
	EndGlobalSection
	GlobalSection(ExtensibilityGlobals) = postSolution
		SolutionGuid = {80E14E6A-A782-49BC-9068-0C36C453F44E}
	EndGlobalSection
EndGlobal
