
Microsoft Visual Studio Solution File, Format Version 12.00
# Visual Studio Version 17
VisualStudioVersion = 17.4.33213.308
MinimumVisualStudioVersion = 10.0.40219.1
Project("{FAE04EC0-301F-11D3-BF4B-00C04F79EFBC}") = "AplicacaoConsole", "AplicacaoConsole\AplicacaoConsole.csproj", "{DE7FDFC3-637E-40DA-A352-4EA98C2E72FA}"
EndProject
Project("{FAE04EC0-301F-11D3-BF4B-00C04F79EFBC}") = "MinhaPrimeiraApi", "MinhaPrimeiraApi\MinhaPrimeiraApi.csproj", "{9B1363FD-41C7-4857-BF45-1180553B2F43}"
EndProject
Global
	GlobalSection(SolutionConfigurationPlatforms) = preSolution
		Debug|Any CPU = Debug|Any CPU
		Release|Any CPU = Release|Any CPU
	EndGlobalSection
	GlobalSection(ProjectConfigurationPlatforms) = postSolution
		{DE7FDFC3-637E-40DA-A352-4EA98C2E72FA}.Debug|Any CPU.ActiveCfg = Debug|Any CPU
		{DE7FDFC3-637E-40DA-A352-4EA98C2E72FA}.Debug|Any CPU.Build.0 = Debug|Any CPU
		{DE7FDFC3-637E-40DA-A352-4EA98C2E72FA}.Release|Any CPU.ActiveCfg = Release|Any CPU
		{DE7FDFC3-637E-40DA-A352-4EA98C2E72FA}.Release|Any CPU.Build.0 = Release|Any CPU
		{9B1363FD-41C7-4857-BF45-1180553B2F43}.Debug|Any CPU.ActiveCfg = Debug|Any CPU
		{9B1363FD-41C7-4857-BF45-1180553B2F43}.Debug|Any CPU.Build.0 = Debug|Any CPU
		{9B1363FD-41C7-4857-BF45-1180553B2F43}.Release|Any CPU.ActiveCfg = Release|Any CPU
		{9B1363FD-41C7-4857-BF45-1180553B2F43}.Release|Any CPU.Build.0 = Release|Any CPU
	EndGlobalSection
	GlobalSection(SolutionProperties) = preSolution
		HideSolutionNode = FALSE
	EndGlobalSection
	GlobalSection(ExtensibilityGlobals) = postSolution
		SolutionGuid = {7ECB2F98-EC40-49F0-AC9F-B899FFCD0492}
	EndGlobalSection
EndGlobal
